
Microsoft Visual Studio Solution File, Format Version 12.00
# Visual Studio Version 16
VisualStudioVersion = 16.0.33423.256
MinimumVisualStudioVersion = 10.0.40219.1
Project("{9A19103F-16F7-4668-BE54-9A1E7A4F7556}") = "HelloConsole", "HelloConsole\HelloConsole.csproj", "{2690E33C-1E3B-4A16-ADD0-A65CFB000095}"
EndProject
Project("{FAE04EC0-301F-11D3-BF4B-00C04F79EFBC}") = "HelloWPF", "HelloWPF\HelloWPF.csproj", "{AAB136CE-0527-4FCA-AB09-6750D206B79A}"
EndProject
Global
	GlobalSection(SolutionConfigurationPlatforms) = preSolution
		Debug|Any CPU = Debug|Any CPU
		Release|Any CPU = Release|Any CPU
	EndGlobalSection
	GlobalSection(ProjectConfigurationPlatforms) = postSolution
		{2690E33C-1E3B-4A16-ADD0-A65CFB000095}.Debug|Any CPU.ActiveCfg = Debug|Any CPU
		{2690E33C-1E3B-4A16-ADD0-A65CFB000095}.Debug|Any CPU.Build.0 = Debug|Any CPU
		{2690E33C-1E3B-4A16-ADD0-A65CFB000095}.Release|Any CPU.ActiveCfg = Release|Any CPU
		{2690E33C-1E3B-4A16-ADD0-A65CFB000095}.Release|Any CPU.Build.0 = Release|Any CPU
		{AAB136CE-0527-4FCA-AB09-6750D206B79A}.Debug|Any CPU.ActiveCfg = Debug|Any CPU
		{AAB136CE-0527-4FCA-AB09-6750D206B79A}.Debug|Any CPU.Build.0 = Debug|Any CPU
		{AAB136CE-0527-4FCA-AB09-6750D206B79A}.Release|Any CPU.ActiveCfg = Release|Any CPU
		{AAB136CE-0527-4FCA-AB09-6750D206B79A}.Release|Any CPU.Build.0 = Release|Any CPU
	EndGlobalSection
	GlobalSection(SolutionProperties) = preSolution
		HideSolutionNode = FALSE
	EndGlobalSection
	GlobalSection(ExtensibilityGlobals) = postSolution
		SolutionGuid = {03C6585D-0B73-4C24-B94B-B47B8950B3C2}
	EndGlobalSection
EndGlobal
